
Microsoft Visual Studio Solution File, Format Version 12.00
# Visual Studio 15
VisualStudioVersion = 15.0.28307.271
MinimumVisualStudioVersion = 10.0.40219.1
Project("{FAE04EC0-301F-11D3-BF4B-00C04F79EFBC}") = "HeathWayTech", "HeathWayTech\HeathWayTech.csproj", "{08B47A01-0DF2-42FF-895B-897ECCCFD999}"
EndProject
Global
	GlobalSection(SolutionConfigurationPlatforms) = preSolution
		Debug|Any CPU = Debug|Any CPU
		Release|Any CPU = Release|Any CPU
	EndGlobalSection
	GlobalSection(ProjectConfigurationPlatforms) = postSolution
		{08B47A01-0DF2-42FF-895B-897ECCCFD999}.Debug|Any CPU.ActiveCfg = Debug|Any CPU
		{08B47A01-0DF2-42FF-895B-897ECCCFD999}.Debug|Any CPU.Build.0 = Debug|Any CPU
		{08B47A01-0DF2-42FF-895B-897ECCCFD999}.Release|Any CPU.ActiveCfg = Release|Any CPU
		{08B47A01-0DF2-42FF-895B-897ECCCFD999}.Release|Any CPU.Build.0 = Release|Any CPU
	EndGlobalSection
	GlobalSection(SolutionProperties) = preSolution
		HideSolutionNode = FALSE
	EndGlobalSection
	GlobalSection(ExtensibilityGlobals) = postSolution
		SolutionGuid = {593B62D6-56DC-405D-A12A-3F5D20875F1B}
	EndGlobalSection
EndGlobal
